
Microsoft Visual Studio Solution File, Format Version 12.00
# Visual Studio Version 17
VisualStudioVersion = 17.11.35303.130
MinimumVisualStudioVersion = 10.0.40219.1
Project("{FAE04EC0-301F-11D3-BF4B-00C04F79EFBC}") = "Task8", "Task8.csproj", "{81948EA0-CDC2-48E3-A6E8-A2A9AC4DC020}"
EndProject
Global
	GlobalSection(SolutionConfigurationPlatforms) = preSolution
		Debug|Any CPU = Debug|Any CPU
		Release|Any CPU = Release|Any CPU
	EndGlobalSection
	GlobalSection(ProjectConfigurationPlatforms) = postSolution
		{81948EA0-CDC2-48E3-A6E8-A2A9AC4DC020}.Debug|Any CPU.ActiveCfg = Debug|Any CPU
		{81948EA0-CDC2-48E3-A6E8-A2A9AC4DC020}.Debug|Any CPU.Build.0 = Debug|Any CPU
		{81948EA0-CDC2-48E3-A6E8-A2A9AC4DC020}.Release|Any CPU.ActiveCfg = Release|Any CPU
		{81948EA0-CDC2-48E3-A6E8-A2A9AC4DC020}.Release|Any CPU.Build.0 = Release|Any CPU
	EndGlobalSection
	GlobalSection(SolutionProperties) = preSolution
		HideSolutionNode = FALSE
	EndGlobalSection
	GlobalSection(ExtensibilityGlobals) = postSolution
		SolutionGuid = {F1876817-35B4-47A7-9263-8B3A085E361A}
	EndGlobalSection
EndGlobal
