
Microsoft Visual Studio Solution File, Format Version 12.00
# Visual Studio Version 17
VisualStudioVersion = 17.11.35303.130
MinimumVisualStudioVersion = 10.0.40219.1
Project("{FAE04EC0-301F-11D3-BF4B-00C04F79EFBC}") = "Task9", "Task9.csproj", "{1E83952A-C8C2-4FEE-AAD1-7A0148A21F9A}"
EndProject
Global
	GlobalSection(SolutionConfigurationPlatforms) = preSolution
		Debug|Any CPU = Debug|Any CPU
		Release|Any CPU = Release|Any CPU
	EndGlobalSection
	GlobalSection(ProjectConfigurationPlatforms) = postSolution
		{1E83952A-C8C2-4FEE-AAD1-7A0148A21F9A}.Debug|Any CPU.ActiveCfg = Debug|Any CPU
		{1E83952A-C8C2-4FEE-AAD1-7A0148A21F9A}.Debug|Any CPU.Build.0 = Debug|Any CPU
		{1E83952A-C8C2-4FEE-AAD1-7A0148A21F9A}.Release|Any CPU.ActiveCfg = Release|Any CPU
		{1E83952A-C8C2-4FEE-AAD1-7A0148A21F9A}.Release|Any CPU.Build.0 = Release|Any CPU
	EndGlobalSection
	GlobalSection(SolutionProperties) = preSolution
		HideSolutionNode = FALSE
	EndGlobalSection
	GlobalSection(ExtensibilityGlobals) = postSolution
		SolutionGuid = {FFC9E10E-B773-4EDC-93B4-DA50A001C4F0}
	EndGlobalSection
EndGlobal
